{
    "_readme": [
        "This file locks the dependencies of your project to a known state",
        "Read more about it at https://getcomposer.org/doc/01-basic-usage.md#installing-dependencies",
        "This file is @generated automatically"
    ],
    "content-hash": "a492b3c594d298d5bc95c447b82c1370",
    "packages": [
        {
            "name": "seanmorris/ids",
            "version": "dev-master",
            "source": {
                "type": "git",
                "url": "https://github.com/seanmorris/ids.git",
                "reference": "0e7c1baf87e84d6466898d09307932cffcc3357b"
            },
            "dist": {
                "type": "zip",
                "url": "https://api.github.com/repos/seanmorris/ids/zipball/0e7c1baf87e84d6466898d09307932cffcc3357b",
                "reference": "0e7c1baf87e84d6466898d09307932cffcc3357b",
                "shasum": ""
            },
            "require-dev": {
                "phpunit/phpunit": "^9",
                "simpletest/simpletest": "dev-master"
            },
            "default-branch": true,
            "bin": [
                "bin/idilic"
            ],
            "type": "library",
            "autoload": {
                "psr-4": {
                    "SeanMorris\\Ids\\": "source/",
                    "SeanMorris\\Ids\\Test\\": "test/"
                }
            },
            "notification-url": "https://packagist.org/downloads/",
            "authors": [
                {
                    "name": "Sean Morris",
                    "email": "sean@sean-morris.com"
                }
            ],
            "support": {
                "issues": "https://github.com/seanmorris/ids/issues",
                "source": "https://github.com/seanmorris/ids/tree/master"
            },
            "time": "2023-02-20T03:58:11+00:00"
        },
        {
            "name": "seanmorris/theme",
            "version": "1.0.8",
            "source": {
                "type": "git",
                "url": "https://github.com/seanmorris/theme.git",
                "reference": "6b1613006d3b6ce5167c61db05b8a8f3fe860cc0"
            },
            "dist": {
                "type": "zip",
                "url": "https://api.github.com/repos/seanmorris/theme/zipball/6b1613006d3b6ce5167c61db05b8a8f3fe860cc0",
                "reference": "6b1613006d3b6ce5167c61db05b8a8f3fe860cc0",
                "shasum": ""
            },
            "require-dev": {
                "simpletest/simpletest": "dev-master"
            },
            "type": "library",
            "autoload": {
                "psr-4": {
                    "SeanMorris\\Theme\\": "source/",
                    "SeanMorris\\Theme\\Test\\": "test/"
                }
            },
            "notification-url": "https://packagist.org/downloads/",
            "license": [
                "Apache-2.0"
            ],
            "authors": [
                {
                    "name": "Sean Morris",
                    "email": "sean@sean-morris.com"
                }
            ],
            "description": "Simple, sane templating and theming for PHP",
            "support": {
                "issues": "https://github.com/seanmorris/theme/issues",
                "source": "https://github.com/seanmorris/theme/tree/1.0.8"
            },
            "time": "2022-01-17T21:40:49+00:00"
        }
    ],
    "packages-dev": [],
    "aliases": [],
    "minimum-stability": "stable",
    "stability-flags": {
        "seanmorris/ids": 20
    },
    "prefer-stable": false,
    "prefer-lowest": false,
    "platform": {
        "php": "8.1.6",
        "ext-mbstring": "*"
    },
    "platform-dev": [],
    "plugin-api-version": "2.1.0"
}
