{
    "_readme": [
        "This file locks the dependencies of your project to a known state",
        "Read more about it at https://getcomposer.org/doc/01-basic-usage.md#installing-dependencies",
        "This file is @generated automatically"
    ],
    "content-hash": "a88de0dbcdbec5af76172abd0f82d7f7",
    "packages": [
        {
            "name": "seanmorris/ids",
            "version": "dev-master",
            "source": {
                "type": "git",
                "url": "https://github.com/seanmorris/ids.git",
                "reference": "422724395079473bb4be441038314974ce36201e"
            },
            "dist": {
                "type": "zip",
                "url": "https://api.github.com/repos/seanmorris/ids/zipball/422724395079473bb4be441038314974ce36201e",
                "reference": "422724395079473bb4be441038314974ce36201e",
                "shasum": ""
            },
            "require-dev": {
                "phpunit/phpunit": "^9",
                "seanmorris/ksqlc": "dev-master",
                "simpletest/simpletest": "dev-master"
            },
            "bin": [
                "bin/idilic"
            ],
            "type": "library",
            "autoload": {
                "psr-4": {
                    "SeanMorris\\Ids\\Test\\": "test/",
                    "SeanMorris\\Ids\\": "source/"
                }
            },
            "notification-url": "https://packagist.org/downloads/",
            "authors": [
                {
                    "name": "Sean Morris",
                    "email": "sean@sean-morris.com"
                }
            ],
            "time": "2020-05-20T23:51:27+00:00"
        },
        {
            "name": "seanmorris/theme",
            "version": "1.0.7",
            "source": {
                "type": "git",
                "url": "https://github.com/seanmorris/theme.git",
                "reference": "97554e153312026c7db4af8ae3653d20fe9d117d"
            },
            "dist": {
                "type": "zip",
                "url": "https://api.github.com/repos/seanmorris/theme/zipball/97554e153312026c7db4af8ae3653d20fe9d117d",
                "reference": "97554e153312026c7db4af8ae3653d20fe9d117d",
                "shasum": ""
            },
            "require-dev": {
                "simpletest/simpletest": "dev-master"
            },
            "type": "library",
            "autoload": {
                "psr-4": {
                    "SeanMorris\\Theme\\Test\\": "test/",
                    "SeanMorris\\Theme\\": "source/"
                }
            },
            "notification-url": "https://packagist.org/downloads/",
            "license": [
                "Apache-2.0"
            ],
            "authors": [
                {
                    "name": "Sean Morris",
                    "email": "sean@sean-morris.com"
                }
            ],
            "description": "Simple, sane templating and theming for PHP",
            "time": "2017-07-02T12:52:16+00:00"
        }
    ],
    "packages-dev": [],
    "aliases": [],
    "minimum-stability": "stable",
    "stability-flags": {
        "seanmorris/ids": 20
    },
    "prefer-stable": false,
    "prefer-lowest": false,
    "platform": {
        "ext-mbstring": "*"
    },
    "platform-dev": [],
    "plugin-api-version": "1.1.0"
}
