{
    "_readme": [
        "This file locks the dependencies of your project to a known state",
        "Read more about it at https://getcomposer.org/doc/01-basic-usage.md#installing-dependencies",
        "This file is @generated automatically"
    ],
    "content-hash": "95af90006a4d5814c90415b924c75752",
    "packages": [
        {
            "name": "seanmorris/ids",
            "version": "dev-master",
            "source": {
                "type": "git",
                "url": "https://github.com/seanmorris/ids.git",
                "reference": "6a2d345c841175b0f4870c9cef34ea9b53493307"
            },
            "dist": {
                "type": "zip",
                "url": "https://api.github.com/repos/seanmorris/ids/zipball/6a2d345c841175b0f4870c9cef34ea9b53493307",
                "reference": "6a2d345c841175b0f4870c9cef34ea9b53493307",
                "shasum": ""
            },
            "require-dev": {
                "simpletest/simpletest": "dev-master"
            },
            "bin": [
                "bin/idilic"
            ],
            "type": "library",
            "autoload": {
                "psr-4": {
                    "SeanMorris\\Ids\\Test\\": "test/",
                    "SeanMorris\\Ids\\": "source/"
                }
            },
            "notification-url": "https://packagist.org/downloads/",
            "authors": [
                {
                    "name": "Sean Morris",
                    "email": "sean@sean-morris.com"
                }
            ],
            "time": "2020-03-31T08:21:17+00:00"
        }
    ],
    "packages-dev": [],
    "aliases": [],
    "minimum-stability": "stable",
    "stability-flags": {
        "seanmorris/ids": 20
    },
    "prefer-stable": false,
    "prefer-lowest": false,
    "platform": [],
    "platform-dev": [],
    "plugin-api-version": "1.1.0"
}
